
Microsoft Visual Studio Solution File, Format Version 12.00
# Visual Studio Version 17
VisualStudioVersion = 17.8.34330.188
MinimumVisualStudioVersion = 10.0.40219.1
Project("{2150E333-8FDC-42A3-9474-1A3956D46DE8}") = "src", "src", "{3050148C-0F02-42FE-B28B-6EE4040A6DF8}"
EndProject
Project("{2150E333-8FDC-42A3-9474-1A3956D46DE8}") = "test", "test", "{A667AEF2-6E2B-4AA4-BF0F-8546678E2DDB}"
EndProject
Project("{2150E333-8FDC-42A3-9474-1A3956D46DE8}") = "Infrastructure", "Infrastructure", "{9A46D8C6-33B1-471F-9218-3AB443FBFD05}"
EndProject
Project("{2150E333-8FDC-42A3-9474-1A3956D46DE8}") = "Core", "Core", "{0D7ED597-3D76-4C58-AB86-B0A3CF0136CD}"
EndProject
Project("{2150E333-8FDC-42A3-9474-1A3956D46DE8}") = "Presentation", "Presentation", "{6CD5994A-DC80-477E-8A8F-975AF9E8757F}"
EndProject
Project("{9A19103F-16F7-4668-BE54-9A1E7A4F7556}") = "GandomShopsMarket.Domain", "GandomShopsMarket.Domain\GandomShopsMarket.Domain.csproj", "{023B3A36-220C-4157-819A-6FF14A791909}"
EndProject
Project("{9A19103F-16F7-4668-BE54-9A1E7A4F7556}") = "GandomShopsMarket.Application", "GandomShopsMarket.Application\GandomShopsMarket.Application.csproj", "{B7F80374-6D0E-40E3-A866-7A1323C58CBC}"
EndProject
Project("{9A19103F-16F7-4668-BE54-9A1E7A4F7556}") = "GandomShopsMarket.Infrastructure", "GandomShopsMarket.Infrastructure\GandomShopsMarket.Infrastructure.csproj", "{7BE7F242-7AA6-45A0-9B97-CE25AD051B10}"
EndProject
Project("{9A19103F-16F7-4668-BE54-9A1E7A4F7556}") = "GandomShopsMarket.IoC", "GandomShopsMarket.IoC\GandomShopsMarket.IoC.csproj", "{FF7BDECE-DF4E-4A42-984A-431949414A13}"
EndProject
Project("{9A19103F-16F7-4668-BE54-9A1E7A4F7556}") = "GandomShopsMarket.WebAPI", "GandomShopsMarket.WebAPI\GandomShopsMarket.WebAPI.csproj", "{6ABDB831-3857-4F0F-AD44-18F45EE67AC1}"
EndProject
Global
	GlobalSection(SolutionConfigurationPlatforms) = preSolution
		Debug|Any CPU = Debug|Any CPU
		Release|Any CPU = Release|Any CPU
	EndGlobalSection
	GlobalSection(ProjectConfigurationPlatforms) = postSolution
		{023B3A36-220C-4157-819A-6FF14A791909}.Debug|Any CPU.ActiveCfg = Debug|Any CPU
		{023B3A36-220C-4157-819A-6FF14A791909}.Debug|Any CPU.Build.0 = Debug|Any CPU
		{023B3A36-220C-4157-819A-6FF14A791909}.Release|Any CPU.ActiveCfg = Release|Any CPU
		{023B3A36-220C-4157-819A-6FF14A791909}.Release|Any CPU.Build.0 = Release|Any CPU
		{B7F80374-6D0E-40E3-A866-7A1323C58CBC}.Debug|Any CPU.ActiveCfg = Debug|Any CPU
		{B7F80374-6D0E-40E3-A866-7A1323C58CBC}.Debug|Any CPU.Build.0 = Debug|Any CPU
		{B7F80374-6D0E-40E3-A866-7A1323C58CBC}.Release|Any CPU.ActiveCfg = Release|Any CPU
		{B7F80374-6D0E-40E3-A866-7A1323C58CBC}.Release|Any CPU.Build.0 = Release|Any CPU
		{7BE7F242-7AA6-45A0-9B97-CE25AD051B10}.Debug|Any CPU.ActiveCfg = Debug|Any CPU
		{7BE7F242-7AA6-45A0-9B97-CE25AD051B10}.Debug|Any CPU.Build.0 = Debug|Any CPU
		{7BE7F242-7AA6-45A0-9B97-CE25AD051B10}.Release|Any CPU.ActiveCfg = Release|Any CPU
		{7BE7F242-7AA6-45A0-9B97-CE25AD051B10}.Release|Any CPU.Build.0 = Release|Any CPU
		{FF7BDECE-DF4E-4A42-984A-431949414A13}.Debug|Any CPU.ActiveCfg = Debug|Any CPU
		{FF7BDECE-DF4E-4A42-984A-431949414A13}.Debug|Any CPU.Build.0 = Debug|Any CPU
		{FF7BDECE-DF4E-4A42-984A-431949414A13}.Release|Any CPU.ActiveCfg = Release|Any CPU
		{FF7BDECE-DF4E-4A42-984A-431949414A13}.Release|Any CPU.Build.0 = Release|Any CPU
		{6ABDB831-3857-4F0F-AD44-18F45EE67AC1}.Debug|Any CPU.ActiveCfg = Debug|Any CPU
		{6ABDB831-3857-4F0F-AD44-18F45EE67AC1}.Debug|Any CPU.Build.0 = Debug|Any CPU
		{6ABDB831-3857-4F0F-AD44-18F45EE67AC1}.Release|Any CPU.ActiveCfg = Release|Any CPU
		{6ABDB831-3857-4F0F-AD44-18F45EE67AC1}.Release|Any CPU.Build.0 = Release|Any CPU
	EndGlobalSection
	GlobalSection(SolutionProperties) = preSolution
		HideSolutionNode = FALSE
	EndGlobalSection
	GlobalSection(NestedProjects) = preSolution
		{9A46D8C6-33B1-471F-9218-3AB443FBFD05} = {3050148C-0F02-42FE-B28B-6EE4040A6DF8}
		{0D7ED597-3D76-4C58-AB86-B0A3CF0136CD} = {3050148C-0F02-42FE-B28B-6EE4040A6DF8}
		{6CD5994A-DC80-477E-8A8F-975AF9E8757F} = {3050148C-0F02-42FE-B28B-6EE4040A6DF8}
		{023B3A36-220C-4157-819A-6FF14A791909} = {0D7ED597-3D76-4C58-AB86-B0A3CF0136CD}
		{B7F80374-6D0E-40E3-A866-7A1323C58CBC} = {0D7ED597-3D76-4C58-AB86-B0A3CF0136CD}
		{7BE7F242-7AA6-45A0-9B97-CE25AD051B10} = {9A46D8C6-33B1-471F-9218-3AB443FBFD05}
		{FF7BDECE-DF4E-4A42-984A-431949414A13} = {9A46D8C6-33B1-471F-9218-3AB443FBFD05}
		{6ABDB831-3857-4F0F-AD44-18F45EE67AC1} = {6CD5994A-DC80-477E-8A8F-975AF9E8757F}
	EndGlobalSection
	GlobalSection(ExtensibilityGlobals) = postSolution
		SolutionGuid = {F253023B-D357-4406-A529-E444AE0FBAFF}
	EndGlobalSection
EndGlobal
